
Microsoft Visual Studio Solution File, Format Version 11.00
# Visual Studio 2010
Project("{FAE04EC0-301F-11D3-BF4B-00C04F79EFBC}") = "QFSW.QC", "QFSW.QC.csproj", "{ca067e39-57b2-0047-6de8-3f06a1880ca7}"
EndProject
Project("{FAE04EC0-301F-11D3-BF4B-00C04F79EFBC}") = "SteamVR", "SteamVR.csproj", "{e42f6caa-8475-5db5-6292-83aa04d38081}"
EndProject
Project("{FAE04EC0-301F-11D3-BF4B-00C04F79EFBC}") = "QFSW.QC.Serializers", "QFSW.QC.Serializers.csproj", "{db9efe70-dbdc-4700-1c51-071926a478af}"
EndProject
Project("{FAE04EC0-301F-11D3-BF4B-00C04F79EFBC}") = "QFSW.QC.Grammar", "QFSW.QC.Grammar.csproj", "{a2e0b84f-21b0-1d7e-163b-2aabe81f09d8}"
EndProject
Project("{FAE04EC0-301F-11D3-BF4B-00C04F79EFBC}") = "QFSW.QC.Demo", "QFSW.QC.Demo.csproj", "{cc2fb7d1-8ec2-cb18-4c13-c43cbe5b549d}"
EndProject
Project("{FAE04EC0-301F-11D3-BF4B-00C04F79EFBC}") = "SteamVR_Actions", "SteamVR_Actions.csproj", "{ca9d4d28-2d42-dd0e-32ff-c98246eb6488}"
EndProject
Project("{FAE04EC0-301F-11D3-BF4B-00C04F79EFBC}") = "QFSW.QC.Extras", "QFSW.QC.Extras.csproj", "{c175b8d4-cfce-8b72-3ba6-d7d3c3fc8aa5}"
EndProject
Project("{FAE04EC0-301F-11D3-BF4B-00C04F79EFBC}") = "QFSW.QC.Parsers", "QFSW.QC.Parsers.csproj", "{dcd274fb-a6bb-1e6e-e297-ad889e62a9fa}"
EndProject
Project("{FAE04EC0-301F-11D3-BF4B-00C04F79EFBC}") = "Assembly-CSharp", "Assembly-CSharp.csproj", "{3b384460-138d-b8ac-44d9-73fd5185d245}"
EndProject
Project("{FAE04EC0-301F-11D3-BF4B-00C04F79EFBC}") = "QFSW.QC.Suggestors", "QFSW.QC.Suggestors.csproj", "{6d4f450b-1447-6d0e-f3c5-930781e71068}"
EndProject
Project("{FAE04EC0-301F-11D3-BF4B-00C04F79EFBC}") = "QFSW.QC.UI", "QFSW.QC.UI.csproj", "{dcb7b92a-5c3e-be4f-bb68-9e759039df32}"
EndProject
Project("{FAE04EC0-301F-11D3-BF4B-00C04F79EFBC}") = "QFSW.QC.ScanRules", "QFSW.QC.ScanRules.csproj", "{160783b4-ce03-892b-5c42-0591aaab2ba4}"
EndProject
Project("{FAE04EC0-301F-11D3-BF4B-00C04F79EFBC}") = "Assembly-CSharp-Editor", "Assembly-CSharp-Editor.csproj", "{80232870-2ea1-5cb8-689d-4f4c166011f5}"
EndProject
Project("{FAE04EC0-301F-11D3-BF4B-00C04F79EFBC}") = "QFSW.QC.Editor", "QFSW.QC.Editor.csproj", "{793e221f-4592-4b00-bc13-226b42a264ee}"
EndProject
Project("{FAE04EC0-301F-11D3-BF4B-00C04F79EFBC}") = "SteamVR_Input_Editor", "SteamVR_Input_Editor.csproj", "{eb84d4ea-0cfb-703f-4048-9f049b8244ce}"
EndProject
Project("{FAE04EC0-301F-11D3-BF4B-00C04F79EFBC}") = "QFSW.QC.QGUI", "QFSW.QC.QGUI.csproj", "{831c6109-bea0-77d8-33f9-7e5281c01532}"
EndProject
Project("{FAE04EC0-301F-11D3-BF4B-00C04F79EFBC}") = "SteamVR_Editor", "SteamVR_Editor.csproj", "{3283afc0-95dc-655b-ca3e-8622231c9677}"
EndProject
Project("{FAE04EC0-301F-11D3-BF4B-00C04F79EFBC}") = "QFSW.QC.Editor.Tools", "QFSW.QC.Editor.Tools.csproj", "{cc5cf096-ee66-52c0-15ca-0147d431123c}"
EndProject
Project("{FAE04EC0-301F-11D3-BF4B-00C04F79EFBC}") = "SteamVR_Windows_EditorHelper", "SteamVR_Windows_EditorHelper.csproj", "{eab46fc1-8a1a-3c44-4aed-c1fef88e4715}"
EndProject
Global
	GlobalSection(SolutionConfigurationPlatforms) = preSolution
		Debug|Any CPU = Debug|Any CPU
	EndGlobalSection
	GlobalSection(ProjectConfigurationPlatforms) = postSolution
		{ca067e39-57b2-0047-6de8-3f06a1880ca7}.Debug|Any CPU.ActiveCfg = Debug|Any CPU
		{ca067e39-57b2-0047-6de8-3f06a1880ca7}.Debug|Any CPU.Build.0 = Debug|Any CPU
		{e42f6caa-8475-5db5-6292-83aa04d38081}.Debug|Any CPU.ActiveCfg = Debug|Any CPU
		{e42f6caa-8475-5db5-6292-83aa04d38081}.Debug|Any CPU.Build.0 = Debug|Any CPU
		{db9efe70-dbdc-4700-1c51-071926a478af}.Debug|Any CPU.ActiveCfg = Debug|Any CPU
		{db9efe70-dbdc-4700-1c51-071926a478af}.Debug|Any CPU.Build.0 = Debug|Any CPU
		{a2e0b84f-21b0-1d7e-163b-2aabe81f09d8}.Debug|Any CPU.ActiveCfg = Debug|Any CPU
		{a2e0b84f-21b0-1d7e-163b-2aabe81f09d8}.Debug|Any CPU.Build.0 = Debug|Any CPU
		{cc2fb7d1-8ec2-cb18-4c13-c43cbe5b549d}.Debug|Any CPU.ActiveCfg = Debug|Any CPU
		{cc2fb7d1-8ec2-cb18-4c13-c43cbe5b549d}.Debug|Any CPU.Build.0 = Debug|Any CPU
		{ca9d4d28-2d42-dd0e-32ff-c98246eb6488}.Debug|Any CPU.ActiveCfg = Debug|Any CPU
		{ca9d4d28-2d42-dd0e-32ff-c98246eb6488}.Debug|Any CPU.Build.0 = Debug|Any CPU
		{c175b8d4-cfce-8b72-3ba6-d7d3c3fc8aa5}.Debug|Any CPU.ActiveCfg = Debug|Any CPU
		{c175b8d4-cfce-8b72-3ba6-d7d3c3fc8aa5}.Debug|Any CPU.Build.0 = Debug|Any CPU
		{dcd274fb-a6bb-1e6e-e297-ad889e62a9fa}.Debug|Any CPU.ActiveCfg = Debug|Any CPU
		{dcd274fb-a6bb-1e6e-e297-ad889e62a9fa}.Debug|Any CPU.Build.0 = Debug|Any CPU
		{3b384460-138d-b8ac-44d9-73fd5185d245}.Debug|Any CPU.ActiveCfg = Debug|Any CPU
		{3b384460-138d-b8ac-44d9-73fd5185d245}.Debug|Any CPU.Build.0 = Debug|Any CPU
		{6d4f450b-1447-6d0e-f3c5-930781e71068}.Debug|Any CPU.ActiveCfg = Debug|Any CPU
		{6d4f450b-1447-6d0e-f3c5-930781e71068}.Debug|Any CPU.Build.0 = Debug|Any CPU
		{dcb7b92a-5c3e-be4f-bb68-9e759039df32}.Debug|Any CPU.ActiveCfg = Debug|Any CPU
		{dcb7b92a-5c3e-be4f-bb68-9e759039df32}.Debug|Any CPU.Build.0 = Debug|Any CPU
		{160783b4-ce03-892b-5c42-0591aaab2ba4}.Debug|Any CPU.ActiveCfg = Debug|Any CPU
		{160783b4-ce03-892b-5c42-0591aaab2ba4}.Debug|Any CPU.Build.0 = Debug|Any CPU
		{80232870-2ea1-5cb8-689d-4f4c166011f5}.Debug|Any CPU.ActiveCfg = Debug|Any CPU
		{80232870-2ea1-5cb8-689d-4f4c166011f5}.Debug|Any CPU.Build.0 = Debug|Any CPU
		{793e221f-4592-4b00-bc13-226b42a264ee}.Debug|Any CPU.ActiveCfg = Debug|Any CPU
		{793e221f-4592-4b00-bc13-226b42a264ee}.Debug|Any CPU.Build.0 = Debug|Any CPU
		{eb84d4ea-0cfb-703f-4048-9f049b8244ce}.Debug|Any CPU.ActiveCfg = Debug|Any CPU
		{eb84d4ea-0cfb-703f-4048-9f049b8244ce}.Debug|Any CPU.Build.0 = Debug|Any CPU
		{831c6109-bea0-77d8-33f9-7e5281c01532}.Debug|Any CPU.ActiveCfg = Debug|Any CPU
		{831c6109-bea0-77d8-33f9-7e5281c01532}.Debug|Any CPU.Build.0 = Debug|Any CPU
		{3283afc0-95dc-655b-ca3e-8622231c9677}.Debug|Any CPU.ActiveCfg = Debug|Any CPU
		{3283afc0-95dc-655b-ca3e-8622231c9677}.Debug|Any CPU.Build.0 = Debug|Any CPU
		{cc5cf096-ee66-52c0-15ca-0147d431123c}.Debug|Any CPU.ActiveCfg = Debug|Any CPU
		{cc5cf096-ee66-52c0-15ca-0147d431123c}.Debug|Any CPU.Build.0 = Debug|Any CPU
		{eab46fc1-8a1a-3c44-4aed-c1fef88e4715}.Debug|Any CPU.ActiveCfg = Debug|Any CPU
		{eab46fc1-8a1a-3c44-4aed-c1fef88e4715}.Debug|Any CPU.Build.0 = Debug|Any CPU
	EndGlobalSection
	GlobalSection(SolutionProperties) = preSolution
		HideSolutionNode = FALSE
	EndGlobalSection
EndGlobal
